
Microsoft Visual Studio Solution File, Format Version 12.00
# Visual Studio Version 17
VisualStudioVersion = 17.9.34728.123
MinimumVisualStudioVersion = 10.0.40219.1
Project("{FAE04EC0-301F-11D3-BF4B-00C04F79EFBC}") = "Management", "Management\Management.csproj", "{E64289E8-A335-45ED-8277-2C492A54208C}"
EndProject
Global
	GlobalSection(SolutionConfigurationPlatforms) = preSolution
		Debug|Any CPU = Debug|Any CPU
		Release|Any CPU = Release|Any CPU
	EndGlobalSection
	GlobalSection(ProjectConfigurationPlatforms) = postSolution
		{E64289E8-A335-45ED-8277-2C492A54208C}.Debug|Any CPU.ActiveCfg = Debug|Any CPU
		{E64289E8-A335-45ED-8277-2C492A54208C}.Debug|Any CPU.Build.0 = Debug|Any CPU
		{E64289E8-A335-45ED-8277-2C492A54208C}.Release|Any CPU.ActiveCfg = Release|Any CPU
		{E64289E8-A335-45ED-8277-2C492A54208C}.Release|Any CPU.Build.0 = Release|Any CPU
	EndGlobalSection
	GlobalSection(SolutionProperties) = preSolution
		HideSolutionNode = FALSE
	EndGlobalSection
	GlobalSection(ExtensibilityGlobals) = postSolution
		SolutionGuid = {56B548E1-93EC-459D-AFFB-1FA796CA27C7}
	EndGlobalSection
EndGlobal
